{
    "_readme": [
        "This file locks the dependencies of your project to a known state",
        "Read more about it at https://getcomposer.org/doc/01-basic-usage.md#installing-dependencies",
        "This file is @generated automatically"
    ],
    "content-hash": "10d5c2bdbbd04fc47ef4edfafed63909",
    "packages": [
        {
            "name": "castlegate/monolith-core",
            "version": "v1.0.0",
            "source": {
                "type": "git",
                "url": "https://github.com/castlegateit/monolith-core.git",
                "reference": "8fdd860d1732f9cdf4a717f9aa853d0bffc76f21"
            },
            "dist": {
                "type": "zip",
                "url": "https://api.github.com/repos/castlegateit/monolith-core/zipball/8fdd860d1732f9cdf4a717f9aa853d0bffc76f21",
                "reference": "8fdd860d1732f9cdf4a717f9aa853d0bffc76f21",
                "shasum": ""
            },
            "type": "library",
            "autoload": {
                "psr-4": {
                    "Castlegate\\Monolith\\Core\\": "classes"
                },
                "files": [
                    "functions.php"
                ]
            },
            "notification-url": "https://packagist.org/downloads/",
            "license": [
                "GPL-3.0-or-later"
            ],
            "authors": [
                {
                    "name": "John Hughes",
                    "email": "john@castlegateit.co.uk"
                }
            ],
            "description": "Basic utilities and functions for PHP development.",
            "time": "2019-11-11T13:32:49+00:00"
        }
    ],
    "packages-dev": [],
    "aliases": [],
    "minimum-stability": "stable",
    "stability-flags": [],
    "prefer-stable": false,
    "prefer-lowest": false,
    "platform": [],
    "platform-dev": []
}
